
Microsoft Visual Studio Solution File, Format Version 12.00
# Visual Studio Version 16
VisualStudioVersion = 16.0.31702.278
MinimumVisualStudioVersion = 10.0.40219.1
Project("{FAE04EC0-301F-11D3-BF4B-00C04F79EFBC}") = "Pansiyon Uygulaması V.1", "Pansiyon Uygulaması V.1\Pansiyon Uygulaması V.1.csproj", "{04257BF3-8565-48E2-88A1-F7586CFBAB7C}"
EndProject
Global
	GlobalSection(SolutionConfigurationPlatforms) = preSolution
		Debug|Any CPU = Debug|Any CPU
		Release|Any CPU = Release|Any CPU
	EndGlobalSection
	GlobalSection(ProjectConfigurationPlatforms) = postSolution
		{04257BF3-8565-48E2-88A1-F7586CFBAB7C}.Debug|Any CPU.ActiveCfg = Debug|Any CPU
		{04257BF3-8565-48E2-88A1-F7586CFBAB7C}.Debug|Any CPU.Build.0 = Debug|Any CPU
		{04257BF3-8565-48E2-88A1-F7586CFBAB7C}.Release|Any CPU.ActiveCfg = Release|Any CPU
		{04257BF3-8565-48E2-88A1-F7586CFBAB7C}.Release|Any CPU.Build.0 = Release|Any CPU
	EndGlobalSection
	GlobalSection(SolutionProperties) = preSolution
		HideSolutionNode = FALSE
	EndGlobalSection
	GlobalSection(ExtensibilityGlobals) = postSolution
		SolutionGuid = {53E0BEEF-1342-4EED-8067-195E7A0C4E2C}
	EndGlobalSection
EndGlobal
